
Microsoft Visual Studio Solution File, Format Version 12.00
# Visual Studio Version 16
VisualStudioVersion = 16.0.29306.81
MinimumVisualStudioVersion = 10.0.40219.1
Project("{FAE04EC0-301F-11D3-BF4B-00C04F79EFBC}") = "BlockFirmwareWriter", "BlockFirmwareWriter.csproj", "{DA538C1E-424A-4608-91F5-85E17E8AA818}"
EndProject
Global
	GlobalSection(SolutionConfigurationPlatforms) = preSolution
		Debug|Any CPU = Debug|Any CPU
		Release|Any CPU = Release|Any CPU
	EndGlobalSection
	GlobalSection(ProjectConfigurationPlatforms) = postSolution
		{DA538C1E-424A-4608-91F5-85E17E8AA818}.Debug|Any CPU.ActiveCfg = Debug|Any CPU
		{DA538C1E-424A-4608-91F5-85E17E8AA818}.Debug|Any CPU.Build.0 = Debug|Any CPU
		{DA538C1E-424A-4608-91F5-85E17E8AA818}.Release|Any CPU.ActiveCfg = Release|Any CPU
		{DA538C1E-424A-4608-91F5-85E17E8AA818}.Release|Any CPU.Build.0 = Release|Any CPU
	EndGlobalSection
	GlobalSection(SolutionProperties) = preSolution
		HideSolutionNode = FALSE
	EndGlobalSection
	GlobalSection(ExtensibilityGlobals) = postSolution
		SolutionGuid = {EE5C550F-40D4-4E65-95DC-8FAD8CAA189A}
	EndGlobalSection
EndGlobal
